{
  "name": "essimpledoc",
  "version": "1.1.0",
  "lockfileVersion": 2,
  "requires": true,
  "packages": {
    "": {
      "name": "essimpledoc",
      "version": "1.1.0",
      "license": "GPL-3.0",
      "bin": {
        "esd": "src/index.js"
      },
      "devDependencies": {
        "marked": "^4.0.8"
      },
      "engines": {
        "node": ">=16.13.0"
      }
    },
    "node_modules/marked": {
      "version": "4.0.8",
      "resolved": "https://registry.npmjs.org/marked/-/marked-4.0.8.tgz",
      "integrity": "sha512-dkpJMIlJpc833hbjjg8jraw1t51e/eKDoG8TFOgc5O0Z77zaYKigYekTDop5AplRoKFGIaoazhYEhGkMtU3IeA==",
      "dev": true,
      "bin": {
        "marked": "bin/marked.js"
      },
      "engines": {
        "node": ">= 12"
      }
    }
  },
  "dependencies": {
    "marked": {
      "version": "4.0.8",
      "resolved": "https://registry.npmjs.org/marked/-/marked-4.0.8.tgz",
      "integrity": "sha512-dkpJMIlJpc833hbjjg8jraw1t51e/eKDoG8TFOgc5O0Z77zaYKigYekTDop5AplRoKFGIaoazhYEhGkMtU3IeA==",
      "dev": true
    }
  }
}
